
Microsoft Visual Studio Solution File, Format Version 12.00
# Visual Studio Version 17
VisualStudioVersion = 17.4.33205.214
MinimumVisualStudioVersion = 10.0.40219.1
Project("{9A19103F-16F7-4668-BE54-9A1E7A4F7556}") = "GreatestWarrior", "GreatestWarrior\GreatestWarrior.csproj", "{ADB7E658-1537-4527-83A0-07A556380FBE}"
EndProject
Project("{9A19103F-16F7-4668-BE54-9A1E7A4F7556}") = "GreatestWarrior.Tests", "GreatestWarrior.Tests\GreatestWarrior.Tests.csproj", "{A9761528-D4FA-4189-894D-9D4CAA030ADB}"
EndProject
Global
	GlobalSection(SolutionConfigurationPlatforms) = preSolution
		Debug|Any CPU = Debug|Any CPU
		Release|Any CPU = Release|Any CPU
	EndGlobalSection
	GlobalSection(ProjectConfigurationPlatforms) = postSolution
		{ADB7E658-1537-4527-83A0-07A556380FBE}.Debug|Any CPU.ActiveCfg = Debug|Any CPU
		{ADB7E658-1537-4527-83A0-07A556380FBE}.Debug|Any CPU.Build.0 = Debug|Any CPU
		{ADB7E658-1537-4527-83A0-07A556380FBE}.Release|Any CPU.ActiveCfg = Release|Any CPU
		{ADB7E658-1537-4527-83A0-07A556380FBE}.Release|Any CPU.Build.0 = Release|Any CPU
		{A9761528-D4FA-4189-894D-9D4CAA030ADB}.Debug|Any CPU.ActiveCfg = Debug|Any CPU
		{A9761528-D4FA-4189-894D-9D4CAA030ADB}.Debug|Any CPU.Build.0 = Debug|Any CPU
		{A9761528-D4FA-4189-894D-9D4CAA030ADB}.Release|Any CPU.ActiveCfg = Release|Any CPU
		{A9761528-D4FA-4189-894D-9D4CAA030ADB}.Release|Any CPU.Build.0 = Release|Any CPU
	EndGlobalSection
	GlobalSection(SolutionProperties) = preSolution
		HideSolutionNode = FALSE
	EndGlobalSection
	GlobalSection(ExtensibilityGlobals) = postSolution
		SolutionGuid = {0FD141D3-3917-497D-89F3-1B3B43BDF650}
	EndGlobalSection
EndGlobal
